Microsoft Visual Studio Solution File, Format Version 12.00
# Visual Studio Version 17
VisualStudioVersion = 17.5.2.0
MinimumVisualStudioVersion = 10.0.40219.1
Project("{FAE04EC0-301F-11D3-BF4B-00C04F79EFBC}") = "MailApi", "MailApi.csproj", "{EE9CC551-E382-03D1-4DF2-19DD1D122D8F}"
EndProject
Global
	GlobalSection(SolutionConfigurationPlatforms) = preSolution
		Debug|Any CPU = Debug|Any CPU
		Release|Any CPU = Release|Any CPU
	EndGlobalSection
	GlobalSection(ProjectConfigurationPlatforms) = postSolution
		{EE9CC551-E382-03D1-4DF2-19DD1D122D8F}.Debug|Any CPU.ActiveCfg = Debug|Any CPU
		{EE9CC551-E382-03D1-4DF2-19DD1D122D8F}.Debug|Any CPU.Build.0 = Debug|Any CPU
		{EE9CC551-E382-03D1-4DF2-19DD1D122D8F}.Release|Any CPU.ActiveCfg = Release|Any CPU
		{EE9CC551-E382-03D1-4DF2-19DD1D122D8F}.Release|Any CPU.Build.0 = Release|Any CPU
	EndGlobalSection
	GlobalSection(SolutionProperties) = preSolution
		HideSolutionNode = FALSE
	EndGlobalSection
	GlobalSection(ExtensibilityGlobals) = postSolution
		SolutionGuid = {DBAB4436-B388-4CB1-A4E3-425E72702D9D}
	EndGlobalSection
EndGlobal
